
Microsoft Visual Studio Solution File, Format Version 12.00
# Visual Studio 15
VisualStudioVersion = 15.0.28307.1231
MinimumVisualStudioVersion = 10.0.40219.1
Project("{9A19103F-16F7-4668-BE54-9A1E7A4F7556}") = "SnakesAndLadders", "src\SnakesAndLadders\SnakesAndLadders.csproj", "{ECBE7BAF-DB24-47A5-B622-18B2E46F4D86}"
EndProject
Project("{9A19103F-16F7-4668-BE54-9A1E7A4F7556}") = "SnakesAndLadders.Tests", "src\SnakesAndLadders.Tests\SnakesAndLadders.Tests.csproj", "{8AC9B36A-4545-40AD-B46B-51B5676AB39C}"
EndProject
Global
	GlobalSection(SolutionConfigurationPlatforms) = preSolution
		Debug|Any CPU = Debug|Any CPU
		Release|Any CPU = Release|Any CPU
	EndGlobalSection
	GlobalSection(ProjectConfigurationPlatforms) = postSolution
		{ECBE7BAF-DB24-47A5-B622-18B2E46F4D86}.Debug|Any CPU.ActiveCfg = Debug|Any CPU
		{ECBE7BAF-DB24-47A5-B622-18B2E46F4D86}.Debug|Any CPU.Build.0 = Debug|Any CPU
		{ECBE7BAF-DB24-47A5-B622-18B2E46F4D86}.Release|Any CPU.ActiveCfg = Release|Any CPU
		{ECBE7BAF-DB24-47A5-B622-18B2E46F4D86}.Release|Any CPU.Build.0 = Release|Any CPU
		{8AC9B36A-4545-40AD-B46B-51B5676AB39C}.Debug|Any CPU.ActiveCfg = Debug|Any CPU
		{8AC9B36A-4545-40AD-B46B-51B5676AB39C}.Debug|Any CPU.Build.0 = Debug|Any CPU
		{8AC9B36A-4545-40AD-B46B-51B5676AB39C}.Release|Any CPU.ActiveCfg = Release|Any CPU
		{8AC9B36A-4545-40AD-B46B-51B5676AB39C}.Release|Any CPU.Build.0 = Release|Any CPU
	EndGlobalSection
	GlobalSection(SolutionProperties) = preSolution
		HideSolutionNode = FALSE
	EndGlobalSection
	GlobalSection(ExtensibilityGlobals) = postSolution
		SolutionGuid = {1F7011A6-F568-4845-ADFF-661E09445627}
	EndGlobalSection
EndGlobal
